
Microsoft Visual Studio Solution File, Format Version 12.00
# Visual Studio 2017
Project("{FAE04EC0-301F-11D3-BF4B-00C04F79EFBC}") = "GameTech test", "GameTech test.csproj", "{E1880D78-A4A5-5BD2-4414-1A3AC2354D9A}"
EndProject
Global
	GlobalSection(SolutionConfigurationPlatforms) = preSolution
		Debug|Any CPU = Debug|Any CPU
		Release|Any CPU = Release|Any CPU
	EndGlobalSection
	GlobalSection(ProjectConfigurationPlatforms) = postSolution
		{E1880D78-A4A5-5BD2-4414-1A3AC2354D9A}.Debug|Any CPU.ActiveCfg = Debug|Any CPU
		{E1880D78-A4A5-5BD2-4414-1A3AC2354D9A}.Debug|Any CPU.Build.0 = Debug|Any CPU
		{E1880D78-A4A5-5BD2-4414-1A3AC2354D9A}.Release|Any CPU.ActiveCfg = Release|Any CPU
		{E1880D78-A4A5-5BD2-4414-1A3AC2354D9A}.Release|Any CPU.Build.0 = Release|Any CPU
	EndGlobalSection
	GlobalSection(SolutionProperties) = preSolution
		HideSolutionNode = FALSE
	EndGlobalSection
EndGlobal
